
Microsoft Visual Studio Solution File, Format Version 12.00
# Visual Studio Version 17
VisualStudioVersion = 17.12.35527.113
MinimumVisualStudioVersion = 10.0.40219.1
Project("{FAE04EC0-301F-11D3-BF4B-00C04F79EFBC}") = "FantasySpellTracker.API", "FantasySpellTracker.API\FantasySpellTracker.API.csproj", "{88393DC4-9B6C-4EE5-807D-0F56FC5FD392}"
EndProject
Project("{FAE04EC0-301F-11D3-BF4B-00C04F79EFBC}") = "FantasySpellTracker.DAL", "FantasySpellTracker.DAL\FantasySpellTracker.DAL.csproj", "{23FB022F-DC95-4874-86CE-8F74E2E1AFF6}"
EndProject
Project("{FAE04EC0-301F-11D3-BF4B-00C04F79EFBC}") = "FantasySpellTracker.Services", "FantasySpellTracker.Services\FantasySpellTracker.Services.csproj", "{E59E281C-8910-4F9D-A30C-BA15CF8A6C48}"
EndProject
Project("{FAE04EC0-301F-11D3-BF4B-00C04F79EFBC}") = "FantasySpellTracker.Shared", "FantasySpellTracker.Shared\FantasySpellTracker.Shared.csproj", "{00AE3589-4036-4E3D-A5DB-BCD519197812}"
EndProject
Global
	GlobalSection(SolutionConfigurationPlatforms) = preSolution
		Debug|Any CPU = Debug|Any CPU
		Release|Any CPU = Release|Any CPU
	EndGlobalSection
	GlobalSection(ProjectConfigurationPlatforms) = postSolution
		{88393DC4-9B6C-4EE5-807D-0F56FC5FD392}.Debug|Any CPU.ActiveCfg = Debug|Any CPU
		{88393DC4-9B6C-4EE5-807D-0F56FC5FD392}.Debug|Any CPU.Build.0 = Debug|Any CPU
		{88393DC4-9B6C-4EE5-807D-0F56FC5FD392}.Release|Any CPU.ActiveCfg = Release|Any CPU
		{88393DC4-9B6C-4EE5-807D-0F56FC5FD392}.Release|Any CPU.Build.0 = Release|Any CPU
		{23FB022F-DC95-4874-86CE-8F74E2E1AFF6}.Debug|Any CPU.ActiveCfg = Debug|Any CPU
		{23FB022F-DC95-4874-86CE-8F74E2E1AFF6}.Debug|Any CPU.Build.0 = Debug|Any CPU
		{23FB022F-DC95-4874-86CE-8F74E2E1AFF6}.Release|Any CPU.ActiveCfg = Release|Any CPU
		{23FB022F-DC95-4874-86CE-8F74E2E1AFF6}.Release|Any CPU.Build.0 = Release|Any CPU
		{E59E281C-8910-4F9D-A30C-BA15CF8A6C48}.Debug|Any CPU.ActiveCfg = Debug|Any CPU
		{E59E281C-8910-4F9D-A30C-BA15CF8A6C48}.Debug|Any CPU.Build.0 = Debug|Any CPU
		{E59E281C-8910-4F9D-A30C-BA15CF8A6C48}.Release|Any CPU.ActiveCfg = Release|Any CPU
		{E59E281C-8910-4F9D-A30C-BA15CF8A6C48}.Release|Any CPU.Build.0 = Release|Any CPU
		{00AE3589-4036-4E3D-A5DB-BCD519197812}.Debug|Any CPU.ActiveCfg = Debug|Any CPU
		{00AE3589-4036-4E3D-A5DB-BCD519197812}.Debug|Any CPU.Build.0 = Debug|Any CPU
		{00AE3589-4036-4E3D-A5DB-BCD519197812}.Release|Any CPU.ActiveCfg = Release|Any CPU
		{00AE3589-4036-4E3D-A5DB-BCD519197812}.Release|Any CPU.Build.0 = Release|Any CPU
	EndGlobalSection
	GlobalSection(SolutionProperties) = preSolution
		HideSolutionNode = FALSE
	EndGlobalSection
EndGlobal
