
Microsoft Visual Studio Solution File, Format Version 12.00
# Visual Studio Version 17
VisualStudioVersion = 17.12.35527.113
MinimumVisualStudioVersion = 10.0.40219.1
Project("{2150E333-8FDC-42A3-9474-1A3956D46DE8}") = "src", "src", "{73799A8F-7DC6-4DB2-9031-FABDF259ADB7}"
EndProject
Project("{2150E333-8FDC-42A3-9474-1A3956D46DE8}") = "jobs", "jobs", "{91134CD6-28E9-4024-BEA6-CE4E347D5227}"
EndProject
Project("{FAE04EC0-301F-11D3-BF4B-00C04F79EFBC}") = "FantasySpellTracker.API", "src\FantasySpellTracker.API\FantasySpellTracker.API.csproj", "{4255AB2A-1747-4F60-8428-66C317749B64}"
EndProject
Project("{FAE04EC0-301F-11D3-BF4B-00C04F79EFBC}") = "FantasySpellTracker.DAL", "src\FantasySpellTracker.DAL\FantasySpellTracker.DAL.csproj", "{EE19EE3B-05A7-4EBB-A64D-7C33FB4403A0}"
EndProject
Project("{FAE04EC0-301F-11D3-BF4B-00C04F79EFBC}") = "FantasySpellTracker.Services", "src\FantasySpellTracker.Services\FantasySpellTracker.Services.csproj", "{70777A1A-CA09-4E7A-AA60-C93D65387F60}"
EndProject
Project("{FAE04EC0-301F-11D3-BF4B-00C04F79EFBC}") = "FantasySpellTracker.Shared", "src\FantasySpellTracker.Shared\FantasySpellTracker.Shared.csproj", "{448F59A6-63C0-4015-9315-99FB4D9DB830}"
EndProject
Project("{FAE04EC0-301F-11D3-BF4B-00C04F79EFBC}") = "FantasySpellTracker.Jobs.Scraper", "jobs\FantasySpellTracker.Jobs.Scraper\FantasySpellTracker.Jobs.Scraper.csproj", "{EBC14A1D-6545-4673-B1B0-3008CED3E464}"
EndProject
Global
	GlobalSection(SolutionConfigurationPlatforms) = preSolution
		Debug|Any CPU = Debug|Any CPU
		Release|Any CPU = Release|Any CPU
	EndGlobalSection
	GlobalSection(ProjectConfigurationPlatforms) = postSolution
		{4255AB2A-1747-4F60-8428-66C317749B64}.Debug|Any CPU.ActiveCfg = Debug|Any CPU
		{4255AB2A-1747-4F60-8428-66C317749B64}.Debug|Any CPU.Build.0 = Debug|Any CPU
		{4255AB2A-1747-4F60-8428-66C317749B64}.Release|Any CPU.ActiveCfg = Release|Any CPU
		{4255AB2A-1747-4F60-8428-66C317749B64}.Release|Any CPU.Build.0 = Release|Any CPU
		{EE19EE3B-05A7-4EBB-A64D-7C33FB4403A0}.Debug|Any CPU.ActiveCfg = Debug|Any CPU
		{EE19EE3B-05A7-4EBB-A64D-7C33FB4403A0}.Debug|Any CPU.Build.0 = Debug|Any CPU
		{EE19EE3B-05A7-4EBB-A64D-7C33FB4403A0}.Release|Any CPU.ActiveCfg = Release|Any CPU
		{EE19EE3B-05A7-4EBB-A64D-7C33FB4403A0}.Release|Any CPU.Build.0 = Release|Any CPU
		{70777A1A-CA09-4E7A-AA60-C93D65387F60}.Debug|Any CPU.ActiveCfg = Debug|Any CPU
		{70777A1A-CA09-4E7A-AA60-C93D65387F60}.Debug|Any CPU.Build.0 = Debug|Any CPU
		{70777A1A-CA09-4E7A-AA60-C93D65387F60}.Release|Any CPU.ActiveCfg = Release|Any CPU
		{70777A1A-CA09-4E7A-AA60-C93D65387F60}.Release|Any CPU.Build.0 = Release|Any CPU
		{448F59A6-63C0-4015-9315-99FB4D9DB830}.Debug|Any CPU.ActiveCfg = Debug|Any CPU
		{448F59A6-63C0-4015-9315-99FB4D9DB830}.Debug|Any CPU.Build.0 = Debug|Any CPU
		{448F59A6-63C0-4015-9315-99FB4D9DB830}.Release|Any CPU.ActiveCfg = Release|Any CPU
		{448F59A6-63C0-4015-9315-99FB4D9DB830}.Release|Any CPU.Build.0 = Release|Any CPU
		{EBC14A1D-6545-4673-B1B0-3008CED3E464}.Debug|Any CPU.ActiveCfg = Debug|Any CPU
		{EBC14A1D-6545-4673-B1B0-3008CED3E464}.Debug|Any CPU.Build.0 = Debug|Any CPU
		{EBC14A1D-6545-4673-B1B0-3008CED3E464}.Release|Any CPU.ActiveCfg = Release|Any CPU
		{EBC14A1D-6545-4673-B1B0-3008CED3E464}.Release|Any CPU.Build.0 = Release|Any CPU
	EndGlobalSection
	GlobalSection(SolutionProperties) = preSolution
		HideSolutionNode = FALSE
	EndGlobalSection
	GlobalSection(NestedProjects) = preSolution
		{4255AB2A-1747-4F60-8428-66C317749B64} = {73799A8F-7DC6-4DB2-9031-FABDF259ADB7}
		{EE19EE3B-05A7-4EBB-A64D-7C33FB4403A0} = {73799A8F-7DC6-4DB2-9031-FABDF259ADB7}
		{70777A1A-CA09-4E7A-AA60-C93D65387F60} = {73799A8F-7DC6-4DB2-9031-FABDF259ADB7}
		{448F59A6-63C0-4015-9315-99FB4D9DB830} = {73799A8F-7DC6-4DB2-9031-FABDF259ADB7}
		{EBC14A1D-6545-4673-B1B0-3008CED3E464} = {91134CD6-28E9-4024-BEA6-CE4E347D5227}
	EndGlobalSection
EndGlobal
