
Microsoft Visual Studio Solution File, Format Version 12.00
# Visual Studio Version 17
VisualStudioVersion = 17.12.35527.113
MinimumVisualStudioVersion = 10.0.40219.1
Project("{2150E333-8FDC-42A3-9474-1A3956D46DE8}") = "src", "src", "{73799A8F-7DC6-4DB2-9031-FABDF259ADB7}"
EndProject
Project("{2150E333-8FDC-42A3-9474-1A3956D46DE8}") = "jobs", "jobs", "{91134CD6-28E9-4024-BEA6-CE4E347D5227}"
EndProject
Project("{FAE04EC0-301F-11D3-BF4B-00C04F79EFBC}") = "FST.Jobs.Scraper", "jobs\FantasySpellTracker.Jobs.Scraper\FST.Jobs.Scraper.csproj", "{EBC14A1D-6545-4673-B1B0-3008CED3E464}"
EndProject
Project("{FAE04EC0-301F-11D3-BF4B-00C04F79EFBC}") = "FST.API", "src\FST.API\FST.API.csproj", "{2244B049-E1C8-49EB-B162-62C75F6DA4C7}"
EndProject
Project("{FAE04EC0-301F-11D3-BF4B-00C04F79EFBC}") = "FST.Services", "src\FST.Services\FST.Services.csproj", "{37ADF6DF-1255-42F5-AC99-20A728E02817}"
EndProject
Project("{FAE04EC0-301F-11D3-BF4B-00C04F79EFBC}") = "FST.Shared", "src\FST.Shared\FST.Shared.csproj", "{A77F6C61-C371-4D94-B8A9-7DBA7C99D8B0}"
EndProject
Project("{FAE04EC0-301F-11D3-BF4B-00C04F79EFBC}") = "FST.DAL", "src\FST.DAL\FST.DAL.csproj", "{46A9863F-603D-455D-BEAC-925387111744}"
EndProject
Global
	GlobalSection(SolutionConfigurationPlatforms) = preSolution
		Debug|Any CPU = Debug|Any CPU
		Release|Any CPU = Release|Any CPU
	EndGlobalSection
	GlobalSection(ProjectConfigurationPlatforms) = postSolution
		{EBC14A1D-6545-4673-B1B0-3008CED3E464}.Debug|Any CPU.ActiveCfg = Debug|Any CPU
		{EBC14A1D-6545-4673-B1B0-3008CED3E464}.Debug|Any CPU.Build.0 = Debug|Any CPU
		{EBC14A1D-6545-4673-B1B0-3008CED3E464}.Release|Any CPU.ActiveCfg = Release|Any CPU
		{EBC14A1D-6545-4673-B1B0-3008CED3E464}.Release|Any CPU.Build.0 = Release|Any CPU
		{2244B049-E1C8-49EB-B162-62C75F6DA4C7}.Debug|Any CPU.ActiveCfg = Debug|Any CPU
		{2244B049-E1C8-49EB-B162-62C75F6DA4C7}.Debug|Any CPU.Build.0 = Debug|Any CPU
		{2244B049-E1C8-49EB-B162-62C75F6DA4C7}.Release|Any CPU.ActiveCfg = Release|Any CPU
		{2244B049-E1C8-49EB-B162-62C75F6DA4C7}.Release|Any CPU.Build.0 = Release|Any CPU
		{37ADF6DF-1255-42F5-AC99-20A728E02817}.Debug|Any CPU.ActiveCfg = Debug|Any CPU
		{37ADF6DF-1255-42F5-AC99-20A728E02817}.Debug|Any CPU.Build.0 = Debug|Any CPU
		{37ADF6DF-1255-42F5-AC99-20A728E02817}.Release|Any CPU.ActiveCfg = Release|Any CPU
		{37ADF6DF-1255-42F5-AC99-20A728E02817}.Release|Any CPU.Build.0 = Release|Any CPU
		{A77F6C61-C371-4D94-B8A9-7DBA7C99D8B0}.Debug|Any CPU.ActiveCfg = Debug|Any CPU
		{A77F6C61-C371-4D94-B8A9-7DBA7C99D8B0}.Debug|Any CPU.Build.0 = Debug|Any CPU
		{A77F6C61-C371-4D94-B8A9-7DBA7C99D8B0}.Release|Any CPU.ActiveCfg = Release|Any CPU
		{A77F6C61-C371-4D94-B8A9-7DBA7C99D8B0}.Release|Any CPU.Build.0 = Release|Any CPU
		{46A9863F-603D-455D-BEAC-925387111744}.Debug|Any CPU.ActiveCfg = Debug|Any CPU
		{46A9863F-603D-455D-BEAC-925387111744}.Debug|Any CPU.Build.0 = Debug|Any CPU
		{46A9863F-603D-455D-BEAC-925387111744}.Release|Any CPU.ActiveCfg = Release|Any CPU
		{46A9863F-603D-455D-BEAC-925387111744}.Release|Any CPU.Build.0 = Release|Any CPU
	EndGlobalSection
	GlobalSection(SolutionProperties) = preSolution
		HideSolutionNode = FALSE
	EndGlobalSection
	GlobalSection(NestedProjects) = preSolution
		{EBC14A1D-6545-4673-B1B0-3008CED3E464} = {91134CD6-28E9-4024-BEA6-CE4E347D5227}
		{2244B049-E1C8-49EB-B162-62C75F6DA4C7} = {73799A8F-7DC6-4DB2-9031-FABDF259ADB7}
		{37ADF6DF-1255-42F5-AC99-20A728E02817} = {73799A8F-7DC6-4DB2-9031-FABDF259ADB7}
		{A77F6C61-C371-4D94-B8A9-7DBA7C99D8B0} = {73799A8F-7DC6-4DB2-9031-FABDF259ADB7}
		{46A9863F-603D-455D-BEAC-925387111744} = {73799A8F-7DC6-4DB2-9031-FABDF259ADB7}
	EndGlobalSection
EndGlobal
